
Microsoft Visual Studio Solution File, Format Version 12.00
# Visual Studio Version 17
VisualStudioVersion = 17.9.34616.47
MinimumVisualStudioVersion = 10.0.40219.1
Project("{2150E333-8FDC-42A3-9474-1A3956D46DE8}") = "Document", "Document", "{986DB560-02A2-47A2-9425-8D6FF4DA3DAC}"
	ProjectSection(SolutionItems) = preProject
		src\appsettings.Development.json = src\appsettings.Development.json
		src\appsettings.json = src\appsettings.json
		Directory.Build.props = Directory.Build.props
		README.md = README.md
		README_CN.md = README_CN.md
		version.json = version.json
		doc\regex.md = doc\regex.md
	EndProjectSection
EndProject
Project("{9A19103F-16F7-4668-BE54-9A1E7A4F7556}") = "LLamaWorker.Backend.Cpu", "LLamaWorker.Backend.Cpu\LLamaWorker.Backend.Cpu.csproj", "{13F70548-EAB2-4B20-A2C9-7B46E4F18EE0}"
EndProject
Project("{9A19103F-16F7-4668-BE54-9A1E7A4F7556}") = "LLamaWorker.Backend.Cuda11", "LLamaWorker.Backend.Cuda11\LLamaWorker.Backend.Cuda11.csproj", "{44B1A46D-4003-4F44-A60D-D425F0F0FD99}"
EndProject
Project("{9A19103F-16F7-4668-BE54-9A1E7A4F7556}") = "LLamaWorker.Backend.Cuda12", "LLamaWorker.Backend.Cuda12\LLamaWorker.Backend.Cuda12.csproj", "{8AA988EA-6E83-4419-8DF3-1EBFD7AEDA46}"
EndProject
Project("{9A19103F-16F7-4668-BE54-9A1E7A4F7556}") = "ChatUI", "ChatUI\ChatUI.csproj", "{DC93E608-24D7-4D62-9EAA-37DED72BD1C4}"
EndProject
Project("{9A19103F-16F7-4668-BE54-9A1E7A4F7556}") = "LLamaWorker.OpenAIModels", "LLamaWorker.OpenAIModels\LLamaWorker.OpenAIModels.csproj", "{AD025766-1079-4EA5-94DD-AA9A96EC8173}"
EndProject
Project("{9A19103F-16F7-4668-BE54-9A1E7A4F7556}") = "LLamaWorker.Backend.Vulkan", "LLamaWorker.Backend.Vulkan\LLamaWorker.Backend.Vulkan.csproj", "{DE6EAA14-0D69-4D43-A502-6BCADC41C13E}"
EndProject
Global
	GlobalSection(SolutionConfigurationPlatforms) = preSolution
		Debug|Any CPU = Debug|Any CPU
		Release|Any CPU = Release|Any CPU
	EndGlobalSection
	GlobalSection(ProjectConfigurationPlatforms) = postSolution
		{13F70548-EAB2-4B20-A2C9-7B46E4F18EE0}.Debug|Any CPU.ActiveCfg = Debug|Any CPU
		{13F70548-EAB2-4B20-A2C9-7B46E4F18EE0}.Debug|Any CPU.Build.0 = Debug|Any CPU
		{13F70548-EAB2-4B20-A2C9-7B46E4F18EE0}.Release|Any CPU.ActiveCfg = Release|Any CPU
		{13F70548-EAB2-4B20-A2C9-7B46E4F18EE0}.Release|Any CPU.Build.0 = Release|Any CPU
		{44B1A46D-4003-4F44-A60D-D425F0F0FD99}.Debug|Any CPU.ActiveCfg = Debug|Any CPU
		{44B1A46D-4003-4F44-A60D-D425F0F0FD99}.Debug|Any CPU.Build.0 = Debug|Any CPU
		{44B1A46D-4003-4F44-A60D-D425F0F0FD99}.Release|Any CPU.ActiveCfg = Release|Any CPU
		{44B1A46D-4003-4F44-A60D-D425F0F0FD99}.Release|Any CPU.Build.0 = Release|Any CPU
		{8AA988EA-6E83-4419-8DF3-1EBFD7AEDA46}.Debug|Any CPU.ActiveCfg = Debug|Any CPU
		{8AA988EA-6E83-4419-8DF3-1EBFD7AEDA46}.Debug|Any CPU.Build.0 = Debug|Any CPU
		{8AA988EA-6E83-4419-8DF3-1EBFD7AEDA46}.Release|Any CPU.ActiveCfg = Release|Any CPU
		{8AA988EA-6E83-4419-8DF3-1EBFD7AEDA46}.Release|Any CPU.Build.0 = Release|Any CPU
		{DC93E608-24D7-4D62-9EAA-37DED72BD1C4}.Debug|Any CPU.ActiveCfg = Debug|Any CPU
		{DC93E608-24D7-4D62-9EAA-37DED72BD1C4}.Debug|Any CPU.Build.0 = Debug|Any CPU
		{DC93E608-24D7-4D62-9EAA-37DED72BD1C4}.Release|Any CPU.ActiveCfg = Release|Any CPU
		{DC93E608-24D7-4D62-9EAA-37DED72BD1C4}.Release|Any CPU.Build.0 = Release|Any CPU
		{AD025766-1079-4EA5-94DD-AA9A96EC8173}.Debug|Any CPU.ActiveCfg = Debug|Any CPU
		{AD025766-1079-4EA5-94DD-AA9A96EC8173}.Debug|Any CPU.Build.0 = Debug|Any CPU
		{AD025766-1079-4EA5-94DD-AA9A96EC8173}.Release|Any CPU.ActiveCfg = Release|Any CPU
		{AD025766-1079-4EA5-94DD-AA9A96EC8173}.Release|Any CPU.Build.0 = Release|Any CPU
		{DE6EAA14-0D69-4D43-A502-6BCADC41C13E}.Debug|Any CPU.ActiveCfg = Debug|Any CPU
		{DE6EAA14-0D69-4D43-A502-6BCADC41C13E}.Debug|Any CPU.Build.0 = Debug|Any CPU
		{DE6EAA14-0D69-4D43-A502-6BCADC41C13E}.Release|Any CPU.ActiveCfg = Release|Any CPU
		{DE6EAA14-0D69-4D43-A502-6BCADC41C13E}.Release|Any CPU.Build.0 = Release|Any CPU
	EndGlobalSection
	GlobalSection(SolutionProperties) = preSolution
		HideSolutionNode = FALSE
	EndGlobalSection
	GlobalSection(ExtensibilityGlobals) = postSolution
		SolutionGuid = {859CE1AE-172E-4C3B-947A-CD66075BE820}
	EndGlobalSection
EndGlobal
